{
  "version": "5",
  "specifiers": {
    "npm:@types/k6@2": "2.2.1"
  },
  "npm": {
    "@types/k6@2.2.1": {
      "integrity": "sha512-WgLxx6KgNSZq3KV3HnYYVvo5ZZSxyRz3q9B0byBAY8z6HuYWxcdOr69fRQuvadmUD2NkVVcbDMye8mF+2Wxx/A=="
    }
  },
  "workspace": {
    "dependencies": [
      "npm:@types/k6@2"
    ]
  }
}
